
Microsoft Visual Studio Solution File, Format Version 12.00
# Visual Studio Version 17
VisualStudioVersion = 17.5.33424.131
MinimumVisualStudioVersion = 10.0.40219.1
Project("{888888A0-9F3D-457C-B088-3A5042F75D52}") = "random-Json", "random-Json\random-Json.pyproj", "{6E4729A4-8E56-4423-A8C9-E5F906992DFD}"
EndProject
Global
	GlobalSection(SolutionConfigurationPlatforms) = preSolution
		Debug|Any CPU = Debug|Any CPU
		Release|Any CPU = Release|Any CPU
	EndGlobalSection
	GlobalSection(ProjectConfigurationPlatforms) = postSolution
		{6E4729A4-8E56-4423-A8C9-E5F906992DFD}.Debug|Any CPU.ActiveCfg = Debug|Any CPU
		{6E4729A4-8E56-4423-A8C9-E5F906992DFD}.Release|Any CPU.ActiveCfg = Release|Any CPU
	EndGlobalSection
	GlobalSection(SolutionProperties) = preSolution
		HideSolutionNode = FALSE
	EndGlobalSection
	GlobalSection(ExtensibilityGlobals) = postSolution
		SolutionGuid = {A7477455-5CD4-403A-9ADA-6DE20918F2D4}
	EndGlobalSection
EndGlobal
